
Microsoft Visual Studio Solution File, Format Version 12.00
# Visual Studio Version 17
VisualStudioVersion = 17.10.35027.167
MinimumVisualStudioVersion = 10.0.40219.1
Project("{FAE04EC0-301F-11D3-BF4B-00C04F79EFBC}") = "TeddyShopWebApplication", "TeddyShopWebApplication\TeddyShopWebApplication.csproj", "{B1E71146-1F4D-420B-BBF1-001281D3E7EA}"
EndProject
Global
	GlobalSection(SolutionConfigurationPlatforms) = preSolution
		Debug|Any CPU = Debug|Any CPU
		Release|Any CPU = Release|Any CPU
	EndGlobalSection
	GlobalSection(ProjectConfigurationPlatforms) = postSolution
		{B1E71146-1F4D-420B-BBF1-001281D3E7EA}.Debug|Any CPU.ActiveCfg = Debug|Any CPU
		{B1E71146-1F4D-420B-BBF1-001281D3E7EA}.Debug|Any CPU.Build.0 = Debug|Any CPU
		{B1E71146-1F4D-420B-BBF1-001281D3E7EA}.Release|Any CPU.ActiveCfg = Release|Any CPU
		{B1E71146-1F4D-420B-BBF1-001281D3E7EA}.Release|Any CPU.Build.0 = Release|Any CPU
	EndGlobalSection
	GlobalSection(SolutionProperties) = preSolution
		HideSolutionNode = FALSE
	EndGlobalSection
	GlobalSection(ExtensibilityGlobals) = postSolution
		SolutionGuid = {BBB56555-CAEA-467C-9A61-0057DF7F5143}
	EndGlobalSection
EndGlobal
